
Microsoft Visual Studio Solution File, Format Version 12.00
# Visual Studio Version 16
VisualStudioVersion = 16.0.30503.244
MinimumVisualStudioVersion = 10.0.40219.1
Project("{FAE04EC0-301F-11D3-BF4B-00C04F79EFBC}") = "Task2ForFormalLanguages", "Task2ForFormalLanguages\Task2ForFormalLanguages.csproj", "{93117A48-0D06-4488-ADA2-0B419AEFFF48}"
EndProject
Global
	GlobalSection(SolutionConfigurationPlatforms) = preSolution
		Debug|Any CPU = Debug|Any CPU
		Release|Any CPU = Release|Any CPU
	EndGlobalSection
	GlobalSection(ProjectConfigurationPlatforms) = postSolution
		{93117A48-0D06-4488-ADA2-0B419AEFFF48}.Debug|Any CPU.ActiveCfg = Debug|Any CPU
		{93117A48-0D06-4488-ADA2-0B419AEFFF48}.Debug|Any CPU.Build.0 = Debug|Any CPU
		{93117A48-0D06-4488-ADA2-0B419AEFFF48}.Release|Any CPU.ActiveCfg = Release|Any CPU
		{93117A48-0D06-4488-ADA2-0B419AEFFF48}.Release|Any CPU.Build.0 = Release|Any CPU
	EndGlobalSection
	GlobalSection(SolutionProperties) = preSolution
		HideSolutionNode = FALSE
	EndGlobalSection
	GlobalSection(ExtensibilityGlobals) = postSolution
		SolutionGuid = {C9CFB9C8-1B8A-4CA8-A28F-89E7F083E94D}
	EndGlobalSection
EndGlobal
